
Microsoft Visual Studio Solution File, Format Version 12.00
# Visual Studio Express 14 for Web
VisualStudioVersion = 14.0.25420.1
MinimumVisualStudioVersion = 10.0.40219.1
Project("{FAE04EC0-301F-11D3-BF4B-00C04F79EFBC}") = "ArenaAlbionuPoradnik", "ArenaAlbionuPoradnik\ArenaAlbionuPoradnik.csproj", "{241FD7A3-9F1C-426E-B81B-F2554B434A38}"
EndProject
Project("{FAE04EC0-301F-11D3-BF4B-00C04F79EFBC}") = "DataMiner", "DataMiner\DataMiner.csproj", "{C8E5225B-EC12-45D1-9F10-6551AF689E45}"
EndProject
Global
	GlobalSection(SolutionConfigurationPlatforms) = preSolution
		Debug|Any CPU = Debug|Any CPU
		Release|Any CPU = Release|Any CPU
	EndGlobalSection
	GlobalSection(ProjectConfigurationPlatforms) = postSolution
		{241FD7A3-9F1C-426E-B81B-F2554B434A38}.Debug|Any CPU.ActiveCfg = Debug|Any CPU
		{241FD7A3-9F1C-426E-B81B-F2554B434A38}.Debug|Any CPU.Build.0 = Debug|Any CPU
		{241FD7A3-9F1C-426E-B81B-F2554B434A38}.Release|Any CPU.ActiveCfg = Release|Any CPU
		{241FD7A3-9F1C-426E-B81B-F2554B434A38}.Release|Any CPU.Build.0 = Release|Any CPU
		{C8E5225B-EC12-45D1-9F10-6551AF689E45}.Debug|Any CPU.ActiveCfg = Debug|Any CPU
		{C8E5225B-EC12-45D1-9F10-6551AF689E45}.Debug|Any CPU.Build.0 = Debug|Any CPU
		{C8E5225B-EC12-45D1-9F10-6551AF689E45}.Release|Any CPU.ActiveCfg = Release|Any CPU
		{C8E5225B-EC12-45D1-9F10-6551AF689E45}.Release|Any CPU.Build.0 = Release|Any CPU
	EndGlobalSection
	GlobalSection(SolutionProperties) = preSolution
		HideSolutionNode = FALSE
	EndGlobalSection
EndGlobal
